
Microsoft Visual Studio Solution File, Format Version 12.00
# Visual Studio Version 17
VisualStudioVersion = 17.6.33815.320
MinimumVisualStudioVersion = 10.0.40219.1
Project("{2150E333-8FDC-42A3-9474-1A3956D46DE8}") = "Domain Layer", "Domain Layer", "{9C8274B9-6DC7-4984-B2A8-4D9C330507A3}"
EndProject
Project("{2150E333-8FDC-42A3-9474-1A3956D46DE8}") = "infrastucture Layer", "infrastucture Layer", "{7DD7C028-4850-454F-BFBF-DC96014E5B97}"
EndProject
Project("{2150E333-8FDC-42A3-9474-1A3956D46DE8}") = "Application Layer", "Application Layer", "{46E53E02-90D5-4192-99CC-46D642191C48}"
EndProject
Project("{2150E333-8FDC-42A3-9474-1A3956D46DE8}") = "Presentation Layer", "Presentation Layer", "{9CF27CBE-0845-4DE3-AE31-7036AA0E3C11}"
EndProject
Project("{2150E333-8FDC-42A3-9474-1A3956D46DE8}") = "src", "src", "{96B4D359-4821-4731-B403-9EFAF34741FD}"
EndProject
Project("{9A19103F-16F7-4668-BE54-9A1E7A4F7556}") = "API", "src\Presentation Layer\API\API.csproj", "{17A564A9-691C-416B-8384-76A9480B3912}"
EndProject
Project("{9A19103F-16F7-4668-BE54-9A1E7A4F7556}") = "Domain", "src\Domain Layer\Domain\Domain.csproj", "{D5F0DA1F-6943-4F65-B810-18101410CD62}"
EndProject
Project("{9A19103F-16F7-4668-BE54-9A1E7A4F7556}") = "Database", "src\Domain Layer\Database\Database.csproj", "{9B003A34-55AD-4363-AA03-6B53230F6157}"
EndProject
Project("{9A19103F-16F7-4668-BE54-9A1E7A4F7556}") = "Infrastructure", "src\Infrastructure Layer\Infrastructure\Infrastructure.csproj", "{F281F3A3-AD84-40BD-B899-FC331B37FB13}"
EndProject
Project("{FAE04EC0-301F-11D3-BF4B-00C04F79EFBC}") = "Application", "src\Application Layer\Application\Application.csproj", "{89A62E56-59BC-415A-9918-21A29393471E}"
EndProject
Project("{FAE04EC0-301F-11D3-BF4B-00C04F79EFBC}") = "RepositoryInterfaces", "src\Domain Layer\RepositoryInterfaces\RepositoryInterfaces.csproj", "{6C13D296-8F94-4F05-9AD8-8A602A3854B7}"
EndProject
Global
	GlobalSection(SolutionConfigurationPlatforms) = preSolution
		Debug|Any CPU = Debug|Any CPU
		Release|Any CPU = Release|Any CPU
	EndGlobalSection
	GlobalSection(ProjectConfigurationPlatforms) = postSolution
		{17A564A9-691C-416B-8384-76A9480B3912}.Debug|Any CPU.ActiveCfg = Debug|Any CPU
		{17A564A9-691C-416B-8384-76A9480B3912}.Debug|Any CPU.Build.0 = Debug|Any CPU
		{17A564A9-691C-416B-8384-76A9480B3912}.Release|Any CPU.ActiveCfg = Release|Any CPU
		{17A564A9-691C-416B-8384-76A9480B3912}.Release|Any CPU.Build.0 = Release|Any CPU
		{D5F0DA1F-6943-4F65-B810-18101410CD62}.Debug|Any CPU.ActiveCfg = Debug|Any CPU
		{D5F0DA1F-6943-4F65-B810-18101410CD62}.Debug|Any CPU.Build.0 = Debug|Any CPU
		{D5F0DA1F-6943-4F65-B810-18101410CD62}.Release|Any CPU.ActiveCfg = Release|Any CPU
		{D5F0DA1F-6943-4F65-B810-18101410CD62}.Release|Any CPU.Build.0 = Release|Any CPU
		{9B003A34-55AD-4363-AA03-6B53230F6157}.Debug|Any CPU.ActiveCfg = Debug|Any CPU
		{9B003A34-55AD-4363-AA03-6B53230F6157}.Debug|Any CPU.Build.0 = Debug|Any CPU
		{9B003A34-55AD-4363-AA03-6B53230F6157}.Release|Any CPU.ActiveCfg = Release|Any CPU
		{9B003A34-55AD-4363-AA03-6B53230F6157}.Release|Any CPU.Build.0 = Release|Any CPU
		{F281F3A3-AD84-40BD-B899-FC331B37FB13}.Debug|Any CPU.ActiveCfg = Debug|Any CPU
		{F281F3A3-AD84-40BD-B899-FC331B37FB13}.Debug|Any CPU.Build.0 = Debug|Any CPU
		{F281F3A3-AD84-40BD-B899-FC331B37FB13}.Release|Any CPU.ActiveCfg = Release|Any CPU
		{F281F3A3-AD84-40BD-B899-FC331B37FB13}.Release|Any CPU.Build.0 = Release|Any CPU
		{89A62E56-59BC-415A-9918-21A29393471E}.Debug|Any CPU.ActiveCfg = Debug|Any CPU
		{89A62E56-59BC-415A-9918-21A29393471E}.Debug|Any CPU.Build.0 = Debug|Any CPU
		{89A62E56-59BC-415A-9918-21A29393471E}.Release|Any CPU.ActiveCfg = Release|Any CPU
		{89A62E56-59BC-415A-9918-21A29393471E}.Release|Any CPU.Build.0 = Release|Any CPU
		{6C13D296-8F94-4F05-9AD8-8A602A3854B7}.Debug|Any CPU.ActiveCfg = Debug|Any CPU
		{6C13D296-8F94-4F05-9AD8-8A602A3854B7}.Debug|Any CPU.Build.0 = Debug|Any CPU
		{6C13D296-8F94-4F05-9AD8-8A602A3854B7}.Release|Any CPU.ActiveCfg = Release|Any CPU
		{6C13D296-8F94-4F05-9AD8-8A602A3854B7}.Release|Any CPU.Build.0 = Release|Any CPU
	EndGlobalSection
	GlobalSection(SolutionProperties) = preSolution
		HideSolutionNode = FALSE
	EndGlobalSection
	GlobalSection(NestedProjects) = preSolution
		{9C8274B9-6DC7-4984-B2A8-4D9C330507A3} = {96B4D359-4821-4731-B403-9EFAF34741FD}
		{7DD7C028-4850-454F-BFBF-DC96014E5B97} = {96B4D359-4821-4731-B403-9EFAF34741FD}
		{46E53E02-90D5-4192-99CC-46D642191C48} = {96B4D359-4821-4731-B403-9EFAF34741FD}
		{9CF27CBE-0845-4DE3-AE31-7036AA0E3C11} = {96B4D359-4821-4731-B403-9EFAF34741FD}
		{17A564A9-691C-416B-8384-76A9480B3912} = {9CF27CBE-0845-4DE3-AE31-7036AA0E3C11}
		{D5F0DA1F-6943-4F65-B810-18101410CD62} = {9C8274B9-6DC7-4984-B2A8-4D9C330507A3}
		{9B003A34-55AD-4363-AA03-6B53230F6157} = {9C8274B9-6DC7-4984-B2A8-4D9C330507A3}
		{F281F3A3-AD84-40BD-B899-FC331B37FB13} = {7DD7C028-4850-454F-BFBF-DC96014E5B97}
		{89A62E56-59BC-415A-9918-21A29393471E} = {46E53E02-90D5-4192-99CC-46D642191C48}
		{6C13D296-8F94-4F05-9AD8-8A602A3854B7} = {9C8274B9-6DC7-4984-B2A8-4D9C330507A3}
	EndGlobalSection
	GlobalSection(ExtensibilityGlobals) = postSolution
		SolutionGuid = {B3606B3C-3E73-4B65-A160-8DB6B403F96A}
	EndGlobalSection
EndGlobal
