
Microsoft Visual Studio Solution File, Format Version 12.00
# Visual Studio Version 17
VisualStudioVersion = 17.6.33815.320
MinimumVisualStudioVersion = 10.0.40219.1
Project("{2150E333-8FDC-42A3-9474-1A3956D46DE8}") = "01.Domain Layer", "01.Domain Layer", "{9C8274B9-6DC7-4984-B2A8-4D9C330507A3}"
EndProject
Project("{2150E333-8FDC-42A3-9474-1A3956D46DE8}") = "03.infrastucture Layer", "03.infrastucture Layer", "{7DD7C028-4850-454F-BFBF-DC96014E5B97}"
EndProject
Project("{2150E333-8FDC-42A3-9474-1A3956D46DE8}") = "02.Application Layer", "02.Application Layer", "{46E53E02-90D5-4192-99CC-46D642191C48}"
EndProject
Project("{2150E333-8FDC-42A3-9474-1A3956D46DE8}") = "04.Presentation Layer", "04.Presentation Layer", "{9CF27CBE-0845-4DE3-AE31-7036AA0E3C11}"
EndProject
Project("{2150E333-8FDC-42A3-9474-1A3956D46DE8}") = "src", "src", "{96B4D359-4821-4731-B403-9EFAF34741FD}"
EndProject
Project("{9A19103F-16F7-4668-BE54-9A1E7A4F7556}") = "API", "src\Presentation Layer\API\API.csproj", "{17A564A9-691C-416B-8384-76A9480B3912}"
EndProject
Project("{9A19103F-16F7-4668-BE54-9A1E7A4F7556}") = "Infrastructure", "src\Infrastructure Layer\Infrastructure\Infrastructure.csproj", "{F281F3A3-AD84-40BD-B899-FC331B37FB13}"
EndProject
Project("{9A19103F-16F7-4668-BE54-9A1E7A4F7556}") = "Application", "src\Application Layer\Application\Application.csproj", "{89A62E56-59BC-415A-9918-21A29393471E}"
EndProject
Project("{9A19103F-16F7-4668-BE54-9A1E7A4F7556}") = "Logger", "src\Infrastructure Layer\Logger\Logger.csproj", "{5DD52FE6-05DC-44CC-9E6A-4E8BC7A834BC}"
EndProject
Project("{2150E333-8FDC-42A3-9474-1A3956D46DE8}") = "Solution Items", "Solution Items", "{95689828-F8E4-442C-AF2E-794497419571}"
	ProjectSection(SolutionItems) = preProject
		.dockerignore = .dockerignore
		.gitignore = .gitignore
		README.md = README.md
	EndProjectSection
EndProject
Project("{9A19103F-16F7-4668-BE54-9A1E7A4F7556}") = "Database", "src\Domain Layer\Database\Database.csproj", "{82B10EF7-1364-420E-8884-07879B8171BC}"
EndProject
Project("{9A19103F-16F7-4668-BE54-9A1E7A4F7556}") = "Domain", "src\Domain Layer\Domain\Domain.csproj", "{2D027785-6CD1-48DD-940E-AE07B8A534B3}"
EndProject
Project("{9A19103F-16F7-4668-BE54-9A1E7A4F7556}") = "RepositoryInterfaces", "src\Domain Layer\RepositoryInterfaces\RepositoryInterfaces.csproj", "{6DB2926D-7198-4475-93AC-2CBE744FAED8}"
EndProject
Global
	GlobalSection(SolutionConfigurationPlatforms) = preSolution
		Debug|Any CPU = Debug|Any CPU
		Release|Any CPU = Release|Any CPU
	EndGlobalSection
	GlobalSection(ProjectConfigurationPlatforms) = postSolution
		{17A564A9-691C-416B-8384-76A9480B3912}.Debug|Any CPU.ActiveCfg = Debug|Any CPU
		{17A564A9-691C-416B-8384-76A9480B3912}.Debug|Any CPU.Build.0 = Debug|Any CPU
		{17A564A9-691C-416B-8384-76A9480B3912}.Release|Any CPU.ActiveCfg = Release|Any CPU
		{17A564A9-691C-416B-8384-76A9480B3912}.Release|Any CPU.Build.0 = Release|Any CPU
		{F281F3A3-AD84-40BD-B899-FC331B37FB13}.Debug|Any CPU.ActiveCfg = Debug|Any CPU
		{F281F3A3-AD84-40BD-B899-FC331B37FB13}.Debug|Any CPU.Build.0 = Debug|Any CPU
		{F281F3A3-AD84-40BD-B899-FC331B37FB13}.Release|Any CPU.ActiveCfg = Release|Any CPU
		{F281F3A3-AD84-40BD-B899-FC331B37FB13}.Release|Any CPU.Build.0 = Release|Any CPU
		{89A62E56-59BC-415A-9918-21A29393471E}.Debug|Any CPU.ActiveCfg = Debug|Any CPU
		{89A62E56-59BC-415A-9918-21A29393471E}.Debug|Any CPU.Build.0 = Debug|Any CPU
		{89A62E56-59BC-415A-9918-21A29393471E}.Release|Any CPU.ActiveCfg = Release|Any CPU
		{89A62E56-59BC-415A-9918-21A29393471E}.Release|Any CPU.Build.0 = Release|Any CPU
		{5DD52FE6-05DC-44CC-9E6A-4E8BC7A834BC}.Debug|Any CPU.ActiveCfg = Debug|Any CPU
		{5DD52FE6-05DC-44CC-9E6A-4E8BC7A834BC}.Debug|Any CPU.Build.0 = Debug|Any CPU
		{5DD52FE6-05DC-44CC-9E6A-4E8BC7A834BC}.Release|Any CPU.ActiveCfg = Release|Any CPU
		{5DD52FE6-05DC-44CC-9E6A-4E8BC7A834BC}.Release|Any CPU.Build.0 = Release|Any CPU
		{82B10EF7-1364-420E-8884-07879B8171BC}.Debug|Any CPU.ActiveCfg = Debug|Any CPU
		{82B10EF7-1364-420E-8884-07879B8171BC}.Debug|Any CPU.Build.0 = Debug|Any CPU
		{82B10EF7-1364-420E-8884-07879B8171BC}.Release|Any CPU.ActiveCfg = Release|Any CPU
		{82B10EF7-1364-420E-8884-07879B8171BC}.Release|Any CPU.Build.0 = Release|Any CPU
		{2D027785-6CD1-48DD-940E-AE07B8A534B3}.Debug|Any CPU.ActiveCfg = Debug|Any CPU
		{2D027785-6CD1-48DD-940E-AE07B8A534B3}.Debug|Any CPU.Build.0 = Debug|Any CPU
		{2D027785-6CD1-48DD-940E-AE07B8A534B3}.Release|Any CPU.ActiveCfg = Release|Any CPU
		{2D027785-6CD1-48DD-940E-AE07B8A534B3}.Release|Any CPU.Build.0 = Release|Any CPU
		{6DB2926D-7198-4475-93AC-2CBE744FAED8}.Debug|Any CPU.ActiveCfg = Debug|Any CPU
		{6DB2926D-7198-4475-93AC-2CBE744FAED8}.Debug|Any CPU.Build.0 = Debug|Any CPU
		{6DB2926D-7198-4475-93AC-2CBE744FAED8}.Release|Any CPU.ActiveCfg = Release|Any CPU
		{6DB2926D-7198-4475-93AC-2CBE744FAED8}.Release|Any CPU.Build.0 = Release|Any CPU
	EndGlobalSection
	GlobalSection(SolutionProperties) = preSolution
		HideSolutionNode = FALSE
	EndGlobalSection
	GlobalSection(NestedProjects) = preSolution
		{9C8274B9-6DC7-4984-B2A8-4D9C330507A3} = {96B4D359-4821-4731-B403-9EFAF34741FD}
		{7DD7C028-4850-454F-BFBF-DC96014E5B97} = {96B4D359-4821-4731-B403-9EFAF34741FD}
		{46E53E02-90D5-4192-99CC-46D642191C48} = {96B4D359-4821-4731-B403-9EFAF34741FD}
		{9CF27CBE-0845-4DE3-AE31-7036AA0E3C11} = {96B4D359-4821-4731-B403-9EFAF34741FD}
		{17A564A9-691C-416B-8384-76A9480B3912} = {9CF27CBE-0845-4DE3-AE31-7036AA0E3C11}
		{F281F3A3-AD84-40BD-B899-FC331B37FB13} = {7DD7C028-4850-454F-BFBF-DC96014E5B97}
		{89A62E56-59BC-415A-9918-21A29393471E} = {46E53E02-90D5-4192-99CC-46D642191C48}
		{5DD52FE6-05DC-44CC-9E6A-4E8BC7A834BC} = {7DD7C028-4850-454F-BFBF-DC96014E5B97}
		{82B10EF7-1364-420E-8884-07879B8171BC} = {9C8274B9-6DC7-4984-B2A8-4D9C330507A3}
		{2D027785-6CD1-48DD-940E-AE07B8A534B3} = {9C8274B9-6DC7-4984-B2A8-4D9C330507A3}
		{6DB2926D-7198-4475-93AC-2CBE744FAED8} = {9C8274B9-6DC7-4984-B2A8-4D9C330507A3}
	EndGlobalSection
	GlobalSection(ExtensibilityGlobals) = postSolution
		SolutionGuid = {B3606B3C-3E73-4B65-A160-8DB6B403F96A}
	EndGlobalSection
EndGlobal
